
Microsoft Visual Studio Solution File, Format Version 12.00
# Visual Studio Version 17
VisualStudioVersion = 17.9.34701.34
MinimumVisualStudioVersion = 10.0.40219.1
Project("{9A19103F-16F7-4668-BE54-9A1E7A4F7556}") = "Containers.UT", "Containers.UT\Containers.UT.csproj", "{3457612A-E6F1-4E17-BAC7-5D6B7ED1F397}"
	ProjectSection(ProjectDependencies) = postProject
		{4A8A2A0B-B511-4E53-8B10-2F936970603D} = {4A8A2A0B-B511-4E53-8B10-2F936970603D}
	EndProjectSection
EndProject
Project("{9A19103F-16F7-4668-BE54-9A1E7A4F7556}") = "Containers", "Containers\Containers.csproj", "{4A8A2A0B-B511-4E53-8B10-2F936970603D}"
EndProject
Project("{FAE04EC0-301F-11D3-BF4B-00C04F79EFBC}") = "CoffieExercise.App", "CoffieExercise.App\CoffieExercise.App.csproj", "{D8B1E0E1-9F18-4202-902A-F81320102E9C}"
EndProject
Global
	GlobalSection(SolutionConfigurationPlatforms) = preSolution
		Debug|Any CPU = Debug|Any CPU
		Release|Any CPU = Release|Any CPU
	EndGlobalSection
	GlobalSection(ProjectConfigurationPlatforms) = postSolution
		{3457612A-E6F1-4E17-BAC7-5D6B7ED1F397}.Debug|Any CPU.ActiveCfg = Debug|Any CPU
		{3457612A-E6F1-4E17-BAC7-5D6B7ED1F397}.Debug|Any CPU.Build.0 = Debug|Any CPU
		{3457612A-E6F1-4E17-BAC7-5D6B7ED1F397}.Release|Any CPU.ActiveCfg = Release|Any CPU
		{3457612A-E6F1-4E17-BAC7-5D6B7ED1F397}.Release|Any CPU.Build.0 = Release|Any CPU
		{4A8A2A0B-B511-4E53-8B10-2F936970603D}.Debug|Any CPU.ActiveCfg = Debug|Any CPU
		{4A8A2A0B-B511-4E53-8B10-2F936970603D}.Debug|Any CPU.Build.0 = Debug|Any CPU
		{4A8A2A0B-B511-4E53-8B10-2F936970603D}.Release|Any CPU.ActiveCfg = Release|Any CPU
		{4A8A2A0B-B511-4E53-8B10-2F936970603D}.Release|Any CPU.Build.0 = Release|Any CPU
		{D8B1E0E1-9F18-4202-902A-F81320102E9C}.Debug|Any CPU.ActiveCfg = Debug|Any CPU
		{D8B1E0E1-9F18-4202-902A-F81320102E9C}.Debug|Any CPU.Build.0 = Debug|Any CPU
		{D8B1E0E1-9F18-4202-902A-F81320102E9C}.Release|Any CPU.ActiveCfg = Release|Any CPU
		{D8B1E0E1-9F18-4202-902A-F81320102E9C}.Release|Any CPU.Build.0 = Release|Any CPU
	EndGlobalSection
	GlobalSection(SolutionProperties) = preSolution
		HideSolutionNode = FALSE
	EndGlobalSection
	GlobalSection(ExtensibilityGlobals) = postSolution
		SolutionGuid = {E4918809-4D0C-4988-B1B0-EE47E5904FC8}
	EndGlobalSection
EndGlobal
