<?xml version="1.0" encoding="utf-8"?>
<Project ToolsVersion="4.0" xmlns="http://schemas.microsoft.com/developer/msbuild/2003">
  <ItemGroup>
    <Filter Include="Source Files">
      <UniqueIdentifier>{4FC737F1-C7A5-4376-A066-2A32D752A2FF}</UniqueIdentifier>
      <Extensions>cpp;c;cc;cxx;c++;cppm;ixx;def;odl;idl;hpj;bat;asm;asmx</Extensions>
    </Filter>
    <Filter Include="Header Files">
      <UniqueIdentifier>{93995380-89BD-4b04-88EB-625FBE52EBFB}</UniqueIdentifier>
      <Extensions>h;hh;hpp;hxx;h++;hm;inl;inc;ipp;xsd</Extensions>
    </Filter>
    <Filter Include="Resource Files">
      <UniqueIdentifier>{67DA6AB6-F800-4c08-8B7A-83BB121AAD01}</UniqueIdentifier>
      <Extensions>rc;ico;cur;bmp;dlg;rc2;rct;bin;rgs;gif;jpg;jpeg;jpe;resx;tiff;tif;png;wav;mfcribbon-ms</Extensions>
    </Filter>
  </ItemGroup>
  <ItemGroup>
    <ClInclude Include="src\structures\interfaces\ISimpleContainer.hpp">
      <Filter>Header Files</Filter>
    </ClInclude>
    <ClInclude Include="src\structures\QueueVector.hpp">
      <Filter>Header Files</Filter>
    </ClInclude>
    <ClInclude Include="src\structures\StackVector.hpp">
      <Filter>Header Files</Filter>
    </ClInclude>
    <ClInclude Include="src\utilities\Console.hpp">
      <Filter>Header Files</Filter>
    </ClInclude>
    <ClInclude Include="src\structures\BinaryTree.hpp">
      <Filter>Header Files</Filter>
    </ClInclude>
    <ClInclude Include="src\utilities\ECompareResult.hpp">
      <Filter>Header Files</Filter>
    </ClInclude>
    <ClInclude Include="src\structures\interfaces\ITree.hpp">
      <Filter>Header Files</Filter>
    </ClInclude>
    <ClInclude Include="src\structures\interfaces\IDSBasics.hpp">
      <Filter>Header Files</Filter>
    </ClInclude>
    <ClInclude Include="src\structures\ChainedHashTable.hpp">
      <Filter>Header Files</Filter>
    </ClInclude>
    <ClInclude Include="src\structures\interfaces\IHashTable.h">
      <Filter>Header Files</Filter>
    </ClInclude>
    <ClInclude Include="src\structures\nodes\OneWayNode.hpp">
      <Filter>Header Files</Filter>
    </ClInclude>
    <ClInclude Include="src\structures\nodes\TreeNode.hpp">
      <Filter>Header Files</Filter>
    </ClInclude>
    <ClInclude Include="src\structures\nodes\TwoWayNode.hpp">
      <Filter>Header Files</Filter>
    </ClInclude>
    <ClInclude Include="src\structures\interfaces\IOneWayList.hpp">
      <Filter>Header Files</Filter>
    </ClInclude>
    <ClInclude Include="src\structures\OneWayList.hpp">
      <Filter>Header Files</Filter>
    </ClInclude>
    <ClInclude Include="src\structures\interfaces\ITwoWayList.hpp">
      <Filter>Header Files</Filter>
    </ClInclude>
    <ClInclude Include="src\structures\TwoWayList.hpp">
      <Filter>Header Files</Filter>
    </ClInclude>
  </ItemGroup>
  <ItemGroup>
    <ClCompile Include="src\Program.cpp">
      <Filter>Source Files</Filter>
    </ClCompile>
    <ClCompile Include="src\structures\BinaryTree.cpp">
      <Filter>Source Files</Filter>
    </ClCompile>
    <ClCompile Include="src\structures\ChainedHashTable.cpp">
      <Filter>Source Files</Filter>
    </ClCompile>
    <ClCompile Include="src\structures\OneWayList.cpp">
      <Filter>Source Files</Filter>
    </ClCompile>
    <ClCompile Include="src\structures\TwoWayList.cpp">
      <Filter>Source Files</Filter>
    </ClCompile>
  </ItemGroup>
</Project>